
Microsoft Visual Studio Solution File, Format Version 12.00
# Visual Studio Version 17
VisualStudioVersion = 17.2.32630.192
MinimumVisualStudioVersion = 10.0.40219.1
Project("{778DAE3C-4631-46EA-AA77-85C1314464D9}") = "BlogspotWinFormsApp1", "BlogspotWinFormsApp1\BlogspotWinFormsApp1.vbproj", "{97DF36DF-87D0-4170-8645-5399C68DA77C}"
EndProject
Global
	GlobalSection(SolutionConfigurationPlatforms) = preSolution
		Debug|Any CPU = Debug|Any CPU
		Release|Any CPU = Release|Any CPU
	EndGlobalSection
	GlobalSection(ProjectConfigurationPlatforms) = postSolution
		{97DF36DF-87D0-4170-8645-5399C68DA77C}.Debug|Any CPU.ActiveCfg = Debug|Any CPU
		{97DF36DF-87D0-4170-8645-5399C68DA77C}.Debug|Any CPU.Build.0 = Debug|Any CPU
		{97DF36DF-87D0-4170-8645-5399C68DA77C}.Release|Any CPU.ActiveCfg = Release|Any CPU
		{97DF36DF-87D0-4170-8645-5399C68DA77C}.Release|Any CPU.Build.0 = Release|Any CPU
	EndGlobalSection
	GlobalSection(SolutionProperties) = preSolution
		HideSolutionNode = FALSE
	EndGlobalSection
	GlobalSection(ExtensibilityGlobals) = postSolution
		SolutionGuid = {77A30CDB-094A-4460-A4E6-76C4985860C2}
	EndGlobalSection
EndGlobal
